
Microsoft Visual Studio Solution File, Format Version 12.00
# Visual Studio Version 17
VisualStudioVersion = 17.4.33205.214
MinimumVisualStudioVersion = 10.0.40219.1
Project("{8BC9CEB8-8B4A-11D0-8D11-00A0C91BC942}") = "TBL Reader", "TBL Reader\TBL Reader.vcxproj", "{E997C256-EB2C-4F8F-827D-D91D81F0E774}"
EndProject
Global
	GlobalSection(SolutionConfigurationPlatforms) = preSolution
		Debug|x86 = Debug|x86
		Release|x86 = Release|x86
	EndGlobalSection
	GlobalSection(ProjectConfigurationPlatforms) = postSolution
		{E997C256-EB2C-4F8F-827D-D91D81F0E774}.Debug|x86.ActiveCfg = Debug|Win32
		{E997C256-EB2C-4F8F-827D-D91D81F0E774}.Debug|x86.Build.0 = Debug|Win32
		{E997C256-EB2C-4F8F-827D-D91D81F0E774}.Release|x86.ActiveCfg = Release|Win32
		{E997C256-EB2C-4F8F-827D-D91D81F0E774}.Release|x86.Build.0 = Release|Win32
	EndGlobalSection
	GlobalSection(SolutionProperties) = preSolution
		HideSolutionNode = FALSE
	EndGlobalSection
	GlobalSection(ExtensibilityGlobals) = postSolution
		SolutionGuid = {F5F2A523-EFC7-41C1-ACC1-F917C4D2ACE3}
	EndGlobalSection
EndGlobal
